
Microsoft Visual Studio Solution File, Format Version 12.00
# Visual Studio Version 17
VisualStudioVersion = 17.14.36511.14
MinimumVisualStudioVersion = 10.0.40219.1
Project("{8BC9CEB8-8B4A-11D0-8D11-00A0C91BC942}") = "Terminal Defense", "Terminal Defense\Terminal Defense.vcxproj", "{469C32E5-152C-4A38-9CBD-9A096C4A1683}"
EndProject
Project("{8BC9CEB8-8B4A-11D0-8D11-00A0C91BC942}") = "miue", "miue\miue.vcxproj", "{576D946D-6575-4E0D-AB59-072F0FA1CC3C}"
EndProject
Project("{8BC9CEB8-8B4A-11D0-8D11-00A0C91BC942}") = "test1", "test1\test1.vcxproj", "{F29AC179-A77A-4024-B533-2AA6B1056A9A}"
EndProject
Project("{8BC9CEB8-8B4A-11D0-8D11-00A0C91BC942}") = "test2", "test2\test2.vcxproj", "{92E4E1F0-F5A0-4E75-B4E6-3640302A3232}"
EndProject
Project("{8BC9CEB8-8B4A-11D0-8D11-00A0C91BC942}") = "Test3", "Test3\Test3.vcxproj", "{9A765957-0643-41E1-B969-939FAB38444F}"
EndProject
Project("{8BC9CEB8-8B4A-11D0-8D11-00A0C91BC942}") = "test4", "test4\test4.vcxproj", "{3E8BFC2E-3B71-47A0-AD5A-4582EA9EB6C6}"
EndProject
Global
	GlobalSection(SolutionConfigurationPlatforms) = preSolution
		Debug|x64 = Debug|x64
		Debug|x86 = Debug|x86
		Release|x64 = Release|x64
		Release|x86 = Release|x86
	EndGlobalSection
	GlobalSection(ProjectConfigurationPlatforms) = postSolution
		{469C32E5-152C-4A38-9CBD-9A096C4A1683}.Debug|x64.ActiveCfg = Debug|x64
		{469C32E5-152C-4A38-9CBD-9A096C4A1683}.Debug|x64.Build.0 = Debug|x64
		{469C32E5-152C-4A38-9CBD-9A096C4A1683}.Debug|x86.ActiveCfg = Debug|Win32
		{469C32E5-152C-4A38-9CBD-9A096C4A1683}.Debug|x86.Build.0 = Debug|Win32
		{469C32E5-152C-4A38-9CBD-9A096C4A1683}.Release|x64.ActiveCfg = Release|x64
		{469C32E5-152C-4A38-9CBD-9A096C4A1683}.Release|x64.Build.0 = Release|x64
		{469C32E5-152C-4A38-9CBD-9A096C4A1683}.Release|x86.ActiveCfg = Release|Win32
		{469C32E5-152C-4A38-9CBD-9A096C4A1683}.Release|x86.Build.0 = Release|Win32
		{576D946D-6575-4E0D-AB59-072F0FA1CC3C}.Debug|x64.ActiveCfg = Debug|x64
		{576D946D-6575-4E0D-AB59-072F0FA1CC3C}.Debug|x64.Build.0 = Debug|x64
		{576D946D-6575-4E0D-AB59-072F0FA1CC3C}.Debug|x86.ActiveCfg = Debug|Win32
		{576D946D-6575-4E0D-AB59-072F0FA1CC3C}.Debug|x86.Build.0 = Debug|Win32
		{576D946D-6575-4E0D-AB59-072F0FA1CC3C}.Release|x64.ActiveCfg = Release|x64
		{576D946D-6575-4E0D-AB59-072F0FA1CC3C}.Release|x64.Build.0 = Release|x64
		{576D946D-6575-4E0D-AB59-072F0FA1CC3C}.Release|x86.ActiveCfg = Release|Win32
		{576D946D-6575-4E0D-AB59-072F0FA1CC3C}.Release|x86.Build.0 = Release|Win32
		{F29AC179-A77A-4024-B533-2AA6B1056A9A}.Debug|x64.ActiveCfg = Debug|x64
		{F29AC179-A77A-4024-B533-2AA6B1056A9A}.Debug|x64.Build.0 = Debug|x64
		{F29AC179-A77A-4024-B533-2AA6B1056A9A}.Debug|x86.ActiveCfg = Debug|Win32
		{F29AC179-A77A-4024-B533-2AA6B1056A9A}.Debug|x86.Build.0 = Debug|Win32
		{F29AC179-A77A-4024-B533-2AA6B1056A9A}.Release|x64.ActiveCfg = Release|x64
		{F29AC179-A77A-4024-B533-2AA6B1056A9A}.Release|x64.Build.0 = Release|x64
		{F29AC179-A77A-4024-B533-2AA6B1056A9A}.Release|x86.ActiveCfg = Release|Win32
		{F29AC179-A77A-4024-B533-2AA6B1056A9A}.Release|x86.Build.0 = Release|Win32
		{92E4E1F0-F5A0-4E75-B4E6-3640302A3232}.Debug|x64.ActiveCfg = Debug|x64
		{92E4E1F0-F5A0-4E75-B4E6-3640302A3232}.Debug|x64.Build.0 = Debug|x64
		{92E4E1F0-F5A0-4E75-B4E6-3640302A3232}.Debug|x86.ActiveCfg = Debug|Win32
		{92E4E1F0-F5A0-4E75-B4E6-3640302A3232}.Debug|x86.Build.0 = Debug|Win32
		{92E4E1F0-F5A0-4E75-B4E6-3640302A3232}.Release|x64.ActiveCfg = Release|x64
		{92E4E1F0-F5A0-4E75-B4E6-3640302A3232}.Release|x64.Build.0 = Release|x64
		{92E4E1F0-F5A0-4E75-B4E6-3640302A3232}.Release|x86.ActiveCfg = Release|Win32
		{92E4E1F0-F5A0-4E75-B4E6-3640302A3232}.Release|x86.Build.0 = Release|Win32
		{9A765957-0643-41E1-B969-939FAB38444F}.Debug|x64.ActiveCfg = Debug|x64
		{9A765957-0643-41E1-B969-939FAB38444F}.Debug|x64.Build.0 = Debug|x64
		{9A765957-0643-41E1-B969-939FAB38444F}.Debug|x86.ActiveCfg = Debug|Win32
		{9A765957-0643-41E1-B969-939FAB38444F}.Debug|x86.Build.0 = Debug|Win32
		{9A765957-0643-41E1-B969-939FAB38444F}.Release|x64.ActiveCfg = Release|x64
		{9A765957-0643-41E1-B969-939FAB38444F}.Release|x64.Build.0 = Release|x64
		{9A765957-0643-41E1-B969-939FAB38444F}.Release|x86.ActiveCfg = Release|Win32
		{9A765957-0643-41E1-B969-939FAB38444F}.Release|x86.Build.0 = Release|Win32
		{3E8BFC2E-3B71-47A0-AD5A-4582EA9EB6C6}.Debug|x64.ActiveCfg = Debug|x64
		{3E8BFC2E-3B71-47A0-AD5A-4582EA9EB6C6}.Debug|x64.Build.0 = Debug|x64
		{3E8BFC2E-3B71-47A0-AD5A-4582EA9EB6C6}.Debug|x86.ActiveCfg = Debug|Win32
		{3E8BFC2E-3B71-47A0-AD5A-4582EA9EB6C6}.Debug|x86.Build.0 = Debug|Win32
		{3E8BFC2E-3B71-47A0-AD5A-4582EA9EB6C6}.Release|x64.ActiveCfg = Release|x64
		{3E8BFC2E-3B71-47A0-AD5A-4582EA9EB6C6}.Release|x64.Build.0 = Release|x64
		{3E8BFC2E-3B71-47A0-AD5A-4582EA9EB6C6}.Release|x86.ActiveCfg = Release|Win32
		{3E8BFC2E-3B71-47A0-AD5A-4582EA9EB6C6}.Release|x86.Build.0 = Release|Win32
	EndGlobalSection
	GlobalSection(SolutionProperties) = preSolution
		HideSolutionNode = FALSE
	EndGlobalSection
	GlobalSection(ExtensibilityGlobals) = postSolution
		SolutionGuid = {1E4599F9-0BC8-42CF-84C9-13653554B368}
	EndGlobalSection
EndGlobal
